Microsoft Visual Studio Solution File, Format Version 11.00
# Visual Studio 2008

Project("{CCD14F4F-CFA9-B92D-704D-6F34600D7412}") = "DefenseFrenzy", "Assembly-CSharp.csproj", "{B25933B7-E362-4953-E196-323CD631108B}"
EndProject
Project("{CCD14F4F-CFA9-B92D-704D-6F34600D7412}") = "DefenseFrenzy", "Assembly-CSharp-Editor.csproj", "{92A68738-917C-1E7A-97AB-EC30427296CE}"
EndProject
Project("{CCD14F4F-CFA9-B92D-704D-6F34600D7412}") = "DefenseFrenzy", "Assembly-UnityScript.unityproj", "{5480BFD4-8B02-CCE9-4BDF-6652EBCB5DB5}"
EndProject
Global
	GlobalSection(SolutionConfigurationPlatforms) = preSolution
		Debug|Any CPU = Debug|Any CPU
		Release|Any CPU = Release|Any CPU
	EndGlobalSection
	GlobalSection(ProjectConfigurationPlatforms) = postSolution
		{B25933B7-E362-4953-E196-323CD631108B}.Debug|Any CPU.ActiveCfg = Debug|Any CPU
		{B25933B7-E362-4953-E196-323CD631108B}.Debug|Any CPU.Build.0 = Debug|Any CPU
		{B25933B7-E362-4953-E196-323CD631108B}.Release|Any CPU.ActiveCfg = Release|Any CPU
		{B25933B7-E362-4953-E196-323CD631108B}.Release|Any CPU.Build.0 = Release|Any CPU
		{92A68738-917C-1E7A-97AB-EC30427296CE}.Debug|Any CPU.ActiveCfg = Debug|Any CPU
		{92A68738-917C-1E7A-97AB-EC30427296CE}.Debug|Any CPU.Build.0 = Debug|Any CPU
		{92A68738-917C-1E7A-97AB-EC30427296CE}.Release|Any CPU.ActiveCfg = Release|Any CPU
		{92A68738-917C-1E7A-97AB-EC30427296CE}.Release|Any CPU.Build.0 = Release|Any CPU
		{5480BFD4-8B02-CCE9-4BDF-6652EBCB5DB5}.Debug|Any CPU.ActiveCfg = Debug|Any CPU
		{5480BFD4-8B02-CCE9-4BDF-6652EBCB5DB5}.Debug|Any CPU.Build.0 = Debug|Any CPU
		{5480BFD4-8B02-CCE9-4BDF-6652EBCB5DB5}.Release|Any CPU.ActiveCfg = Release|Any CPU
		{5480BFD4-8B02-CCE9-4BDF-6652EBCB5DB5}.Release|Any CPU.Build.0 = Release|Any CPU
	EndGlobalSection
	GlobalSection(SolutionProperties) = preSolution
		HideSolutionNode = FALSE
	EndGlobalSection
															GlobalSection(MonoDevelopProperties) = preSolution
		StartupItem = Assembly-CSharp.csproj
		Policies = $0
		$0.TextStylePolicy = $1
		$1.inheritsSet = null
		$1.scope = text/x-csharp
		$0.CSharpFormattingPolicy = $2
		$2.inheritsSet = Mono
		$2.inheritsScope = text/x-csharp
		$2.scope = text/x-csharp
		$0.TextStylePolicy = $3
		$3.FileWidth = 120
		$3.TabWidth = 4
		$3.EolMarker = Unix
		$3.inheritsSet = Mono
		$3.inheritsScope = text/plain
		$3.scope = text/plain
	EndGlobalSection

EndGlobal
